
Microsoft Visual Studio Solution File, Format Version 12.00
# Visual Studio 2013
VisualStudioVersion = 12.0.30723.0
MinimumVisualStudioVersion = 10.0.40219.1
Project("{FAE04EC0-301F-11D3-BF4B-00C04F79EFBC}") = "score.client", "score.client\score.client.csproj", "{CF28EAD7-24F7-4792-B121-C2E24E8FC1F4}"
EndProject
Project("{FAE04EC0-301F-11D3-BF4B-00C04F79EFBC}") = "score.client.Web", "score.client.Web\score.client.Web.csproj", "{D1E7B21A-6399-4A1B-8D69-781DEE7123BC}"
EndProject
Global
	GlobalSection(SolutionConfigurationPlatforms) = preSolution
		Debug|Any CPU = Debug|Any CPU
		Release|Any CPU = Release|Any CPU
	EndGlobalSection
	GlobalSection(ProjectConfigurationPlatforms) = postSolution
		{CF28EAD7-24F7-4792-B121-C2E24E8FC1F4}.Debug|Any CPU.ActiveCfg = Debug|Any CPU
		{CF28EAD7-24F7-4792-B121-C2E24E8FC1F4}.Debug|Any CPU.Build.0 = Debug|Any CPU
		{CF28EAD7-24F7-4792-B121-C2E24E8FC1F4}.Release|Any CPU.ActiveCfg = Release|Any CPU
		{CF28EAD7-24F7-4792-B121-C2E24E8FC1F4}.Release|Any CPU.Build.0 = Release|Any CPU
		{D1E7B21A-6399-4A1B-8D69-781DEE7123BC}.Debug|Any CPU.ActiveCfg = Debug|Any CPU
		{D1E7B21A-6399-4A1B-8D69-781DEE7123BC}.Debug|Any CPU.Build.0 = Debug|Any CPU
		{D1E7B21A-6399-4A1B-8D69-781DEE7123BC}.Release|Any CPU.ActiveCfg = Release|Any CPU
		{D1E7B21A-6399-4A1B-8D69-781DEE7123BC}.Release|Any CPU.Build.0 = Release|Any CPU
	EndGlobalSection
	GlobalSection(SolutionProperties) = preSolution
		HideSolutionNode = FALSE
	EndGlobalSection
EndGlobal
